
Microsoft Visual Studio Solution File, Format Version 12.00
# Visual Studio Version 17
VisualStudioVersion = 17.3.32922.545
MinimumVisualStudioVersion = 10.0.40219.1
Project("{FAE04EC0-301F-11D3-BF4B-00C04F79EFBC}") = "20_3(1)", "20_3(1).csproj", "{7A1E82AC-B4F8-43DA-82C5-047EE0CB946E}"
EndProject
Global
	GlobalSection(SolutionConfigurationPlatforms) = preSolution
		Debug|Any CPU = Debug|Any CPU
		Release|Any CPU = Release|Any CPU
	EndGlobalSection
	GlobalSection(ProjectConfigurationPlatforms) = postSolution
		{7A1E82AC-B4F8-43DA-82C5-047EE0CB946E}.Debug|Any CPU.ActiveCfg = Debug|Any CPU
		{7A1E82AC-B4F8-43DA-82C5-047EE0CB946E}.Debug|Any CPU.Build.0 = Debug|Any CPU
		{7A1E82AC-B4F8-43DA-82C5-047EE0CB946E}.Release|Any CPU.ActiveCfg = Release|Any CPU
		{7A1E82AC-B4F8-43DA-82C5-047EE0CB946E}.Release|Any CPU.Build.0 = Release|Any CPU
	EndGlobalSection
	GlobalSection(SolutionProperties) = preSolution
		HideSolutionNode = FALSE
	EndGlobalSection
	GlobalSection(ExtensibilityGlobals) = postSolution
		SolutionGuid = {D33B3C53-4B49-4386-90AC-C9422B4F2973}
	EndGlobalSection
EndGlobal
