
Microsoft Visual Studio Solution File, Format Version 12.00
# Visual Studio Version 17
VisualStudioVersion = 17.3.32922.545
MinimumVisualStudioVersion = 10.0.40219.1
Project("{FAE04EC0-301F-11D3-BF4B-00C04F79EFBC}") = "20_3(2)", "20_3(2).csproj", "{33157019-DEA4-477C-A5BC-300521556E31}"
EndProject
Global
	GlobalSection(SolutionConfigurationPlatforms) = preSolution
		Debug|Any CPU = Debug|Any CPU
		Release|Any CPU = Release|Any CPU
	EndGlobalSection
	GlobalSection(ProjectConfigurationPlatforms) = postSolution
		{33157019-DEA4-477C-A5BC-300521556E31}.Debug|Any CPU.ActiveCfg = Debug|Any CPU
		{33157019-DEA4-477C-A5BC-300521556E31}.Debug|Any CPU.Build.0 = Debug|Any CPU
		{33157019-DEA4-477C-A5BC-300521556E31}.Release|Any CPU.ActiveCfg = Release|Any CPU
		{33157019-DEA4-477C-A5BC-300521556E31}.Release|Any CPU.Build.0 = Release|Any CPU
	EndGlobalSection
	GlobalSection(SolutionProperties) = preSolution
		HideSolutionNode = FALSE
	EndGlobalSection
	GlobalSection(ExtensibilityGlobals) = postSolution
		SolutionGuid = {8176E4F9-27A1-4FF7-B9FA-5753D7B91ECF}
	EndGlobalSection
EndGlobal
